
Microsoft Visual Studio Solution File, Format Version 11.00
# Visual Studio 2010
Project("{2150E333-8FDC-42A3-9474-1A3956D46DE8}") = "Plugins", "Plugins", "{0A84D3E3-910C-41BF-8968-6B500634A325}"
EndProject
Project("{2150E333-8FDC-42A3-9474-1A3956D46DE8}") = "Guis", "Guis", "{58D448F3-5F0F-4176-9A74-EA1B34194C42}"
EndProject
Project("{FAE04EC0-301F-11D3-BF4B-00C04F79EFBC}") = "Engine", "Engine\Engine.csproj", "{BE3255DB-4C44-47D0-B217-DDB05403850B}"
EndProject
Project("{FAE04EC0-301F-11D3-BF4B-00C04F79EFBC}") = "Console", "Guis\Console\Console.csproj", "{D36AE208-DABA-4A72-BF3C-3E25869E0B9A}"
EndProject
Project("{FAE04EC0-301F-11D3-BF4B-00C04F79EFBC}") = "Service", "Guis\Service\Service.csproj", "{09957298-FE9C-4021-924A-9990EE79E54B}"
EndProject
Project("{FAE04EC0-301F-11D3-BF4B-00C04F79EFBC}") = "Windows", "Guis\Windows\Windows.csproj", "{124A4303-1336-442F-BA7F-E66112BCA101}"
EndProject
Project("{FAE04EC0-301F-11D3-BF4B-00C04F79EFBC}") = "AutoOp", "Plugins\AutoOp\AutoOp.csproj", "{41B4D9C3-1AE3-4CF6-97AE-A014ACFA1E1A}"
EndProject
Project("{FAE04EC0-301F-11D3-BF4B-00C04F79EFBC}") = "Bash", "Plugins\Bash\Bash.csproj", "{B4334B51-577A-40C8-A083-145086175063}"
EndProject
Project("{FAE04EC0-301F-11D3-BF4B-00C04F79EFBC}") = "Events", "Plugins\Events\Events.csproj", "{CD1DEAF0-A595-4BDC-8B10-6758CBC77712}"
EndProject
Project("{FAE04EC0-301F-11D3-BF4B-00C04F79EFBC}") = "Log", "Plugins\Log\Log.csproj", "{200F7C2F-3B9D-4A07-9EAD-DDC305067251}"
EndProject
Project("{FAE04EC0-301F-11D3-BF4B-00C04F79EFBC}") = "Quote", "Plugins\Quote\Quote.csproj", "{B45D62EB-6190-475C-9312-3338263E8FB1}"
EndProject
Project("{FAE04EC0-301F-11D3-BF4B-00C04F79EFBC}") = "Reminder", "Plugins\Reminder\Reminder.csproj", "{3D03A666-B165-47FC-AE94-EA8C4BD4C7C2}"
EndProject
Project("{FAE04EC0-301F-11D3-BF4B-00C04F79EFBC}") = "Seen", "Plugins\Seen\Seen.csproj", "{6B6F9CDD-5D31-4CB3-986F-BE8830B494D1}"
EndProject
Project("{FAE04EC0-301F-11D3-BF4B-00C04F79EFBC}") = "Tell", "Plugins\Tell\Tell.csproj", "{A5427D10-24BF-422C-BC27-D2A835B3055C}"
EndProject
Project("{FAE04EC0-301F-11D3-BF4B-00C04F79EFBC}") = "GoogleSearch", "Plugins\GoogleSearch\GoogleSearch.csproj", "{9A68BAA2-BB6D-4421-B949-6D198F585394}"
EndProject
Project("{FAE04EC0-301F-11D3-BF4B-00C04F79EFBC}") = "Eightball", "Plugins\Eightball\Eightball.csproj", "{D9C8078B-ED23-495D-9045-BD5278BCCFD5}"
EndProject
Project("{FAE04EC0-301F-11D3-BF4B-00C04F79EFBC}") = "Reconnect", "Plugins\Reconnect\Reconnect.csproj", "{E75A8C05-3722-478A-AFA6-1E59966C62DD}"
EndProject
Project("{FAE04EC0-301F-11D3-BF4B-00C04F79EFBC}") = "GPGAuth", "Plugins\GPGAuth\GPGAuth.csproj", "{78533631-4DFE-416D-9B60-33A9B0650E49}"
EndProject
Project("{FAE04EC0-301F-11D3-BF4B-00C04F79EFBC}") = "BusinessRatings", "Plugins\BusinessRatings\BusinessRatings.csproj", "{7A1CCFCA-D168-4749-B93D-BB0668891A90}"
EndProject
Global
	GlobalSection(SolutionConfigurationPlatforms) = preSolution
		Debug|Any CPU = Debug|Any CPU
		Debug|x86 = Debug|x86
		Release|Any CPU = Release|Any CPU
		Release|x86 = Release|x86
	EndGlobalSection
	GlobalSection(ProjectConfigurationPlatforms) = postSolution
		{BE3255DB-4C44-47D0-B217-DDB05403850B}.Debug|Any CPU.ActiveCfg = Debug|Any CPU
		{BE3255DB-4C44-47D0-B217-DDB05403850B}.Debug|Any CPU.Build.0 = Debug|Any CPU
		{BE3255DB-4C44-47D0-B217-DDB05403850B}.Debug|x86.ActiveCfg = Debug|x86
		{BE3255DB-4C44-47D0-B217-DDB05403850B}.Debug|x86.Build.0 = Debug|x86
		{BE3255DB-4C44-47D0-B217-DDB05403850B}.Release|Any CPU.ActiveCfg = Release|Any CPU
		{BE3255DB-4C44-47D0-B217-DDB05403850B}.Release|Any CPU.Build.0 = Release|Any CPU
		{BE3255DB-4C44-47D0-B217-DDB05403850B}.Release|x86.ActiveCfg = Release|x86
		{BE3255DB-4C44-47D0-B217-DDB05403850B}.Release|x86.Build.0 = Release|x86
		{D36AE208-DABA-4A72-BF3C-3E25869E0B9A}.Debug|Any CPU.ActiveCfg = Debug|Any CPU
		{D36AE208-DABA-4A72-BF3C-3E25869E0B9A}.Debug|Any CPU.Build.0 = Debug|Any CPU
		{D36AE208-DABA-4A72-BF3C-3E25869E0B9A}.Debug|x86.ActiveCfg = Debug|x86
		{D36AE208-DABA-4A72-BF3C-3E25869E0B9A}.Debug|x86.Build.0 = Debug|x86
		{D36AE208-DABA-4A72-BF3C-3E25869E0B9A}.Release|Any CPU.ActiveCfg = Release|Any CPU
		{D36AE208-DABA-4A72-BF3C-3E25869E0B9A}.Release|Any CPU.Build.0 = Release|Any CPU
		{D36AE208-DABA-4A72-BF3C-3E25869E0B9A}.Release|x86.ActiveCfg = Release|x86
		{D36AE208-DABA-4A72-BF3C-3E25869E0B9A}.Release|x86.Build.0 = Release|x86
		{09957298-FE9C-4021-924A-9990EE79E54B}.Debug|Any CPU.ActiveCfg = Debug|Any CPU
		{09957298-FE9C-4021-924A-9990EE79E54B}.Debug|Any CPU.Build.0 = Debug|Any CPU
		{09957298-FE9C-4021-924A-9990EE79E54B}.Debug|x86.ActiveCfg = Debug|x86
		{09957298-FE9C-4021-924A-9990EE79E54B}.Debug|x86.Build.0 = Debug|x86
		{09957298-FE9C-4021-924A-9990EE79E54B}.Release|Any CPU.ActiveCfg = Release|Any CPU
		{09957298-FE9C-4021-924A-9990EE79E54B}.Release|Any CPU.Build.0 = Release|Any CPU
		{09957298-FE9C-4021-924A-9990EE79E54B}.Release|x86.ActiveCfg = Release|x86
		{09957298-FE9C-4021-924A-9990EE79E54B}.Release|x86.Build.0 = Release|x86
		{124A4303-1336-442F-BA7F-E66112BCA101}.Debug|Any CPU.ActiveCfg = Debug|Any CPU
		{124A4303-1336-442F-BA7F-E66112BCA101}.Debug|Any CPU.Build.0 = Debug|Any CPU
		{124A4303-1336-442F-BA7F-E66112BCA101}.Debug|x86.ActiveCfg = Debug|x86
		{124A4303-1336-442F-BA7F-E66112BCA101}.Debug|x86.Build.0 = Debug|x86
		{124A4303-1336-442F-BA7F-E66112BCA101}.Release|Any CPU.ActiveCfg = Release|Any CPU
		{124A4303-1336-442F-BA7F-E66112BCA101}.Release|Any CPU.Build.0 = Release|Any CPU
		{124A4303-1336-442F-BA7F-E66112BCA101}.Release|x86.ActiveCfg = Release|x86
		{124A4303-1336-442F-BA7F-E66112BCA101}.Release|x86.Build.0 = Release|x86
		{41B4D9C3-1AE3-4CF6-97AE-A014ACFA1E1A}.Debug|Any CPU.ActiveCfg = Debug|Any CPU
		{41B4D9C3-1AE3-4CF6-97AE-A014ACFA1E1A}.Debug|Any CPU.Build.0 = Debug|Any CPU
		{41B4D9C3-1AE3-4CF6-97AE-A014ACFA1E1A}.Debug|x86.ActiveCfg = Debug|x86
		{41B4D9C3-1AE3-4CF6-97AE-A014ACFA1E1A}.Debug|x86.Build.0 = Debug|x86
		{41B4D9C3-1AE3-4CF6-97AE-A014ACFA1E1A}.Release|Any CPU.ActiveCfg = Release|Any CPU
		{41B4D9C3-1AE3-4CF6-97AE-A014ACFA1E1A}.Release|Any CPU.Build.0 = Release|Any CPU
		{41B4D9C3-1AE3-4CF6-97AE-A014ACFA1E1A}.Release|x86.ActiveCfg = Release|x86
		{41B4D9C3-1AE3-4CF6-97AE-A014ACFA1E1A}.Release|x86.Build.0 = Release|x86
		{B4334B51-577A-40C8-A083-145086175063}.Debug|Any CPU.ActiveCfg = Debug|Any CPU
		{B4334B51-577A-40C8-A083-145086175063}.Debug|Any CPU.Build.0 = Debug|Any CPU
		{B4334B51-577A-40C8-A083-145086175063}.Debug|x86.ActiveCfg = Debug|x86
		{B4334B51-577A-40C8-A083-145086175063}.Debug|x86.Build.0 = Debug|x86
		{B4334B51-577A-40C8-A083-145086175063}.Release|Any CPU.ActiveCfg = Release|Any CPU
		{B4334B51-577A-40C8-A083-145086175063}.Release|Any CPU.Build.0 = Release|Any CPU
		{B4334B51-577A-40C8-A083-145086175063}.Release|x86.ActiveCfg = Release|x86
		{B4334B51-577A-40C8-A083-145086175063}.Release|x86.Build.0 = Release|x86
		{CD1DEAF0-A595-4BDC-8B10-6758CBC77712}.Debug|Any CPU.ActiveCfg = Debug|Any CPU
		{CD1DEAF0-A595-4BDC-8B10-6758CBC77712}.Debug|Any CPU.Build.0 = Debug|Any CPU
		{CD1DEAF0-A595-4BDC-8B10-6758CBC77712}.Debug|x86.ActiveCfg = Debug|x86
		{CD1DEAF0-A595-4BDC-8B10-6758CBC77712}.Debug|x86.Build.0 = Debug|x86
		{CD1DEAF0-A595-4BDC-8B10-6758CBC77712}.Release|Any CPU.ActiveCfg = Release|Any CPU
		{CD1DEAF0-A595-4BDC-8B10-6758CBC77712}.Release|Any CPU.Build.0 = Release|Any CPU
		{CD1DEAF0-A595-4BDC-8B10-6758CBC77712}.Release|x86.ActiveCfg = Release|x86
		{CD1DEAF0-A595-4BDC-8B10-6758CBC77712}.Release|x86.Build.0 = Release|x86
		{200F7C2F-3B9D-4A07-9EAD-DDC305067251}.Debug|Any CPU.ActiveCfg = Debug|Any CPU
		{200F7C2F-3B9D-4A07-9EAD-DDC305067251}.Debug|Any CPU.Build.0 = Debug|Any CPU
		{200F7C2F-3B9D-4A07-9EAD-DDC305067251}.Debug|x86.ActiveCfg = Debug|x86
		{200F7C2F-3B9D-4A07-9EAD-DDC305067251}.Debug|x86.Build.0 = Debug|x86
		{200F7C2F-3B9D-4A07-9EAD-DDC305067251}.Release|Any CPU.ActiveCfg = Release|Any CPU
		{200F7C2F-3B9D-4A07-9EAD-DDC305067251}.Release|Any CPU.Build.0 = Release|Any CPU
		{200F7C2F-3B9D-4A07-9EAD-DDC305067251}.Release|x86.ActiveCfg = Release|x86
		{200F7C2F-3B9D-4A07-9EAD-DDC305067251}.Release|x86.Build.0 = Release|x86
		{B45D62EB-6190-475C-9312-3338263E8FB1}.Debug|Any CPU.ActiveCfg = Debug|Any CPU
		{B45D62EB-6190-475C-9312-3338263E8FB1}.Debug|Any CPU.Build.0 = Debug|Any CPU
		{B45D62EB-6190-475C-9312-3338263E8FB1}.Debug|x86.ActiveCfg = Debug|x86
		{B45D62EB-6190-475C-9312-3338263E8FB1}.Debug|x86.Build.0 = Debug|x86
		{B45D62EB-6190-475C-9312-3338263E8FB1}.Release|Any CPU.ActiveCfg = Release|Any CPU
		{B45D62EB-6190-475C-9312-3338263E8FB1}.Release|Any CPU.Build.0 = Release|Any CPU
		{B45D62EB-6190-475C-9312-3338263E8FB1}.Release|x86.ActiveCfg = Release|x86
		{B45D62EB-6190-475C-9312-3338263E8FB1}.Release|x86.Build.0 = Release|x86
		{3D03A666-B165-47FC-AE94-EA8C4BD4C7C2}.Debug|Any CPU.ActiveCfg = Debug|Any CPU
		{3D03A666-B165-47FC-AE94-EA8C4BD4C7C2}.Debug|Any CPU.Build.0 = Debug|Any CPU
		{3D03A666-B165-47FC-AE94-EA8C4BD4C7C2}.Debug|x86.ActiveCfg = Debug|x86
		{3D03A666-B165-47FC-AE94-EA8C4BD4C7C2}.Debug|x86.Build.0 = Debug|x86
		{3D03A666-B165-47FC-AE94-EA8C4BD4C7C2}.Release|Any CPU.ActiveCfg = Release|Any CPU
		{3D03A666-B165-47FC-AE94-EA8C4BD4C7C2}.Release|Any CPU.Build.0 = Release|Any CPU
		{3D03A666-B165-47FC-AE94-EA8C4BD4C7C2}.Release|x86.ActiveCfg = Release|x86
		{3D03A666-B165-47FC-AE94-EA8C4BD4C7C2}.Release|x86.Build.0 = Release|x86
		{6B6F9CDD-5D31-4CB3-986F-BE8830B494D1}.Debug|Any CPU.ActiveCfg = Debug|Any CPU
		{6B6F9CDD-5D31-4CB3-986F-BE8830B494D1}.Debug|Any CPU.Build.0 = Debug|Any CPU
		{6B6F9CDD-5D31-4CB3-986F-BE8830B494D1}.Debug|x86.ActiveCfg = Debug|x86
		{6B6F9CDD-5D31-4CB3-986F-BE8830B494D1}.Debug|x86.Build.0 = Debug|x86
		{6B6F9CDD-5D31-4CB3-986F-BE8830B494D1}.Release|Any CPU.ActiveCfg = Release|Any CPU
		{6B6F9CDD-5D31-4CB3-986F-BE8830B494D1}.Release|Any CPU.Build.0 = Release|Any CPU
		{6B6F9CDD-5D31-4CB3-986F-BE8830B494D1}.Release|x86.ActiveCfg = Release|x86
		{6B6F9CDD-5D31-4CB3-986F-BE8830B494D1}.Release|x86.Build.0 = Release|x86
		{A5427D10-24BF-422C-BC27-D2A835B3055C}.Debug|Any CPU.ActiveCfg = Debug|Any CPU
		{A5427D10-24BF-422C-BC27-D2A835B3055C}.Debug|Any CPU.Build.0 = Debug|Any CPU
		{A5427D10-24BF-422C-BC27-D2A835B3055C}.Debug|x86.ActiveCfg = Debug|x86
		{A5427D10-24BF-422C-BC27-D2A835B3055C}.Debug|x86.Build.0 = Debug|x86
		{A5427D10-24BF-422C-BC27-D2A835B3055C}.Release|Any CPU.ActiveCfg = Release|Any CPU
		{A5427D10-24BF-422C-BC27-D2A835B3055C}.Release|Any CPU.Build.0 = Release|Any CPU
		{A5427D10-24BF-422C-BC27-D2A835B3055C}.Release|x86.ActiveCfg = Release|x86
		{A5427D10-24BF-422C-BC27-D2A835B3055C}.Release|x86.Build.0 = Release|x86
		{9A68BAA2-BB6D-4421-B949-6D198F585394}.Debug|Any CPU.ActiveCfg = Debug|Any CPU
		{9A68BAA2-BB6D-4421-B949-6D198F585394}.Debug|Any CPU.Build.0 = Debug|Any CPU
		{9A68BAA2-BB6D-4421-B949-6D198F585394}.Debug|x86.ActiveCfg = Debug|x86
		{9A68BAA2-BB6D-4421-B949-6D198F585394}.Debug|x86.Build.0 = Debug|x86
		{9A68BAA2-BB6D-4421-B949-6D198F585394}.Release|Any CPU.ActiveCfg = Release|Any CPU
		{9A68BAA2-BB6D-4421-B949-6D198F585394}.Release|Any CPU.Build.0 = Release|Any CPU
		{9A68BAA2-BB6D-4421-B949-6D198F585394}.Release|x86.ActiveCfg = Release|x86
		{9A68BAA2-BB6D-4421-B949-6D198F585394}.Release|x86.Build.0 = Release|x86
		{D9C8078B-ED23-495D-9045-BD5278BCCFD5}.Debug|Any CPU.ActiveCfg = Debug|Any CPU
		{D9C8078B-ED23-495D-9045-BD5278BCCFD5}.Debug|Any CPU.Build.0 = Debug|Any CPU
		{D9C8078B-ED23-495D-9045-BD5278BCCFD5}.Debug|x86.ActiveCfg = Debug|Any CPU
		{D9C8078B-ED23-495D-9045-BD5278BCCFD5}.Release|Any CPU.ActiveCfg = Release|Any CPU
		{D9C8078B-ED23-495D-9045-BD5278BCCFD5}.Release|Any CPU.Build.0 = Release|Any CPU
		{D9C8078B-ED23-495D-9045-BD5278BCCFD5}.Release|x86.ActiveCfg = Release|Any CPU
		{E75A8C05-3722-478A-AFA6-1E59966C62DD}.Debug|Any CPU.ActiveCfg = Debug|Any CPU
		{E75A8C05-3722-478A-AFA6-1E59966C62DD}.Debug|Any CPU.Build.0 = Debug|Any CPU
		{E75A8C05-3722-478A-AFA6-1E59966C62DD}.Debug|x86.ActiveCfg = Debug|Any CPU
		{E75A8C05-3722-478A-AFA6-1E59966C62DD}.Release|Any CPU.ActiveCfg = Release|Any CPU
		{E75A8C05-3722-478A-AFA6-1E59966C62DD}.Release|Any CPU.Build.0 = Release|Any CPU
		{E75A8C05-3722-478A-AFA6-1E59966C62DD}.Release|x86.ActiveCfg = Release|Any CPU
		{78533631-4DFE-416D-9B60-33A9B0650E49}.Debug|Any CPU.ActiveCfg = Debug|Any CPU
		{78533631-4DFE-416D-9B60-33A9B0650E49}.Debug|Any CPU.Build.0 = Debug|Any CPU
		{78533631-4DFE-416D-9B60-33A9B0650E49}.Debug|x86.ActiveCfg = Debug|Any CPU
		{78533631-4DFE-416D-9B60-33A9B0650E49}.Release|Any CPU.ActiveCfg = Release|Any CPU
		{78533631-4DFE-416D-9B60-33A9B0650E49}.Release|Any CPU.Build.0 = Release|Any CPU
		{78533631-4DFE-416D-9B60-33A9B0650E49}.Release|x86.ActiveCfg = Release|Any CPU
		{7A1CCFCA-D168-4749-B93D-BB0668891A90}.Debug|Any CPU.ActiveCfg = Debug|Any CPU
		{7A1CCFCA-D168-4749-B93D-BB0668891A90}.Debug|Any CPU.Build.0 = Debug|Any CPU
		{7A1CCFCA-D168-4749-B93D-BB0668891A90}.Debug|x86.ActiveCfg = Debug|Any CPU
		{7A1CCFCA-D168-4749-B93D-BB0668891A90}.Release|Any CPU.ActiveCfg = Release|Any CPU
		{7A1CCFCA-D168-4749-B93D-BB0668891A90}.Release|Any CPU.Build.0 = Release|Any CPU
		{7A1CCFCA-D168-4749-B93D-BB0668891A90}.Release|x86.ActiveCfg = Release|Any CPU
	EndGlobalSection
	GlobalSection(SolutionProperties) = preSolution
		HideSolutionNode = FALSE
	EndGlobalSection
	GlobalSection(NestedProjects) = preSolution
		{41B4D9C3-1AE3-4CF6-97AE-A014ACFA1E1A} = {0A84D3E3-910C-41BF-8968-6B500634A325}
		{B4334B51-577A-40C8-A083-145086175063} = {0A84D3E3-910C-41BF-8968-6B500634A325}
		{CD1DEAF0-A595-4BDC-8B10-6758CBC77712} = {0A84D3E3-910C-41BF-8968-6B500634A325}
		{200F7C2F-3B9D-4A07-9EAD-DDC305067251} = {0A84D3E3-910C-41BF-8968-6B500634A325}
		{B45D62EB-6190-475C-9312-3338263E8FB1} = {0A84D3E3-910C-41BF-8968-6B500634A325}
		{3D03A666-B165-47FC-AE94-EA8C4BD4C7C2} = {0A84D3E3-910C-41BF-8968-6B500634A325}
		{6B6F9CDD-5D31-4CB3-986F-BE8830B494D1} = {0A84D3E3-910C-41BF-8968-6B500634A325}
		{A5427D10-24BF-422C-BC27-D2A835B3055C} = {0A84D3E3-910C-41BF-8968-6B500634A325}
		{9A68BAA2-BB6D-4421-B949-6D198F585394} = {0A84D3E3-910C-41BF-8968-6B500634A325}
		{D9C8078B-ED23-495D-9045-BD5278BCCFD5} = {0A84D3E3-910C-41BF-8968-6B500634A325}
		{E75A8C05-3722-478A-AFA6-1E59966C62DD} = {0A84D3E3-910C-41BF-8968-6B500634A325}
		{78533631-4DFE-416D-9B60-33A9B0650E49} = {0A84D3E3-910C-41BF-8968-6B500634A325}
		{7A1CCFCA-D168-4749-B93D-BB0668891A90} = {0A84D3E3-910C-41BF-8968-6B500634A325}
		{D36AE208-DABA-4A72-BF3C-3E25869E0B9A} = {58D448F3-5F0F-4176-9A74-EA1B34194C42}
		{09957298-FE9C-4021-924A-9990EE79E54B} = {58D448F3-5F0F-4176-9A74-EA1B34194C42}
		{124A4303-1336-442F-BA7F-E66112BCA101} = {58D448F3-5F0F-4176-9A74-EA1B34194C42}
	EndGlobalSection
EndGlobal
